// !$*UTF8*$!
{
	archiveVersion = 1;
	classes = {
	};
	objectVersion = 56;
	objects = {

/* Begin PBXBuildFile section */
		7453293F2A45928900D95025 /* RoundedCorner.swift in Sources */ = {isa = PBXBuildFile; fileRef = 7453293E2A45928900D95025 /* RoundedCorner.swift */; };
		74FCEBED2A445266006D4877 /* ChapterView.swift in Sources */ = {isa = PBXBuildFile; fileRef = 74FCEBEC2A445266006D4877 /* ChapterView.swift */; };
		74FCEBF12A44717B006D4877 /* CardView.swift in Sources */ = {isa = PBXBuildFile; fileRef = 74FCEBF02A44717B006D4877 /* CardView.swift */; };
		940A35192A44290B00274414 /* ChapterListView.swift in Sources */ = {isa = PBXBuildFile; fileRef = 940A35182A44290B00274414 /* ChapterListView.swift */; };
		944C4E472A58139F00EB2508 /* Variables.swift in Sources */ = {isa = PBXBuildFile; fileRef = 944C4E462A58139F00EB2508 /* Variables.swift */; };
		944EA3AB2A498A6A006E8224 /* SpeechRecognizer.swift in Sources */ = {isa = PBXBuildFile; fileRef = 944EA3AA2A498A6A006E8224 /* SpeechRecognizer.swift */; };
		9450184B2A4593C5008C6945 /* SpeakingView.swift in Sources */ = {isa = PBXBuildFile; fileRef = 9450184A2A4593C5008C6945 /* SpeakingView.swift */; };
		94582F9C2A42E59A00F8B131 /* mc2_2023App.swift in Sources */ = {isa = PBXBuildFile; fileRef = 94582F9B2A42E59A00F8B131 /* mc2_2023App.swift */; };
		94582F9E2A42E59A00F8B131 /* ContentView.swift in Sources */ = {isa = PBXBuildFile; fileRef = 94582F9D2A42E59A00F8B131 /* ContentView.swift */; };
		94582FA02A42E59B00F8B131 /* Assets.xcassets in Resources */ = {isa = PBXBuildFile; fileRef = 94582F9F2A42E59B00F8B131 /* Assets.xcassets */; };
		94582FA32A42E59B00F8B131 /* Preview Assets.xcassets in Resources */ = {isa = PBXBuildFile; fileRef = 94582FA22A42E59B00F8B131 /* Preview Assets.xcassets */; };
		94582FA52A42E59B00F8B131 /* Persistence.swift in Sources */ = {isa = PBXBuildFile; fileRef = 94582FA42A42E59B00F8B131 /* Persistence.swift */; };
		94582FA82A42E59B00F8B131 /* mc2_2023.xcdatamodeld in Sources */ = {isa = PBXBuildFile; fileRef = 94582FA62A42E59B00F8B131 /* mc2_2023.xcdatamodeld */; };
		94582FB22A42E59B00F8B131 /* mc2_2023Tests.swift in Sources */ = {isa = PBXBuildFile; fileRef = 94582FB12A42E59B00F8B131 /* mc2_2023Tests.swift */; };
		94582FBC2A42E59B00F8B131 /* mc2_2023UITests.swift in Sources */ = {isa = PBXBuildFile; fileRef = 94582FBB2A42E59B00F8B131 /* mc2_2023UITests.swift */; };
		94582FBE2A42E59B00F8B131 /* mc2_2023UITestsLaunchTests.swift in Sources */ = {isa = PBXBuildFile; fileRef = 94582FBD2A42E59B00F8B131 /* mc2_2023UITestsLaunchTests.swift */; };
		94582FCB2A42E5E700F8B131 /* .gitignore in Resources */ = {isa = PBXBuildFile; fileRef = 94582FCA2A42E5E700F8B131 /* .gitignore */; };
		945F11E12A5E97D0003067DC /* GlobalVariables.swift in Sources */ = {isa = PBXBuildFile; fileRef = 945F11E02A5E97D0003067DC /* GlobalVariables.swift */; };
		9466E2522A5D59BF00FF156D /* Quiz Data.csv in Resources */ = {isa = PBXBuildFile; fileRef = 9466E24F2A5D59BF00FF156D /* Quiz Data.csv */; };
		9466E2532A5D59BF00FF156D /* Chapter Data.csv in Resources */ = {isa = PBXBuildFile; fileRef = 9466E2502A5D59BF00FF156D /* Chapter Data.csv */; };
		9466E2542A5D59BF00FF156D /* Transcript Data.csv in Resources */ = {isa = PBXBuildFile; fileRef = 9466E2512A5D59BF00FF156D /* Transcript Data.csv */; };
		9466E2572A5D5C3F00FF156D /* Quiz.swift in Sources */ = {isa = PBXBuildFile; fileRef = 9466E2562A5D5C3F00FF156D /* Quiz.swift */; };
		9468ECD92A5C00C100B860FB /* Topic Data.csv in Resources */ = {isa = PBXBuildFile; fileRef = 9468ECD82A5C00C100B860FB /* Topic Data.csv */; };
		9468ECDD2A5C00FB00B860FB /* TopicData.swift in Sources */ = {isa = PBXBuildFile; fileRef = 9468ECDC2A5C00FB00B860FB /* TopicData.swift */; };
		9468ECE42A5C0FB800B860FB /* Tenses Data.csv in Resources */ = {isa = PBXBuildFile; fileRef = 9468ECDF2A5C0FB800B860FB /* Tenses Data.csv */; };
		9468ECE72A5C0FB800B860FB /* Vocabulary Data.csv in Resources */ = {isa = PBXBuildFile; fileRef = 9468ECE22A5C0FB800B860FB /* Vocabulary Data.csv */; };
		9468ECE92A5C0FCA00B860FB /* ChapterData.swift in Sources */ = {isa = PBXBuildFile; fileRef = 9468ECE82A5C0FCA00B860FB /* ChapterData.swift */; };
		9468ECEB2A5C0FD600B860FB /* QuizData.swift in Sources */ = {isa = PBXBuildFile; fileRef = 9468ECEA2A5C0FD600B860FB /* QuizData.swift */; };
		9468ECED2A5C0FDF00B860FB /* TensesData.swift in Sources */ = {isa = PBXBuildFile; fileRef = 9468ECEC2A5C0FDF00B860FB /* TensesData.swift */; };
		9468ECEF2A5C0FE600B860FB /* TranscriptData.swift in Sources */ = {isa = PBXBuildFile; fileRef = 9468ECEE2A5C0FE600B860FB /* TranscriptData.swift */; };
		9468ECF12A5C0FEC00B860FB /* VocabularyData.swift in Sources */ = {isa = PBXBuildFile; fileRef = 9468ECF02A5C0FEC00B860FB /* VocabularyData.swift */; };
		9471A3CD2A54241600D512BB /* SpeakingTextVariable.swift in Sources */ = {isa = PBXBuildFile; fileRef = 9471A3CC2A54241600D512BB /* SpeakingTextVariable.swift */; };
		975074EE2A4976A900341011 /* OverviewViewTenses.swift in Sources */ = {isa = PBXBuildFile; fileRef = 975074ED2A4976A900341011 /* OverviewViewTenses.swift */; };
		975074F02A4976BB00341011 /* OverviewViewVocab.swift in Sources */ = {isa = PBXBuildFile; fileRef = 975074EF2A4976BB00341011 /* OverviewViewVocab.swift */; };
		9758709D2A4C45C8009B1A8D /* SummaryView.swift in Sources */ = {isa = PBXBuildFile; fileRef = 9758709C2A4C45C8009B1A8D /* SummaryView.swift */; };
		9758709F2A4EAE5D009B1A8D /* OverviewView.swift in Sources */ = {isa = PBXBuildFile; fileRef = 9758709E2A4EAE5D009B1A8D /* OverviewView.swift */; };
		97C9C9602A5883EF0060C33C /* UsageView.swift in Sources */ = {isa = PBXBuildFile; fileRef = 97C9C95F2A5883EF0060C33C /* UsageView.swift */; };
		97C9C9622A5886EE0060C33C /* NewVocabView.swift in Sources */ = {isa = PBXBuildFile; fileRef = 97C9C9612A5886EE0060C33C /* NewVocabView.swift */; };
		97C9C9662A594F0D0060C33C /* StructureView.swift in Sources */ = {isa = PBXBuildFile; fileRef = 97C9C9652A594F0D0060C33C /* StructureView.swift */; };
		97D798E52A5D5159006360F6 /* VocabModel.swift in Sources */ = {isa = PBXBuildFile; fileRef = 97D798E42A5D5159006360F6 /* VocabModel.swift */; };
		97D798E72A5D5162006360F6 /* TensesModel.swift in Sources */ = {isa = PBXBuildFile; fileRef = 97D798E62A5D5162006360F6 /* TensesModel.swift */; };
		B9D4B3E42A44314400989FC7 /* video.mp4 in Resources */ = {isa = PBXBuildFile; fileRef = B9D4B3E32A44314400989FC7 /* video.mp4 */; };
		B9D4B3EA2A44326500989FC7 /* VideoView.swift in Sources */ = {isa = PBXBuildFile; fileRef = B9D4B3E92A44326500989FC7 /* VideoView.swift */; };
		B9D4B3EC2A44327200989FC7 /* Home.swift in Sources */ = {isa = PBXBuildFile; fileRef = B9D4B3EB2A44327200989FC7 /* Home.swift */; };
		B9D4B3EE2A44338F00989FC7 /* CustomVideoPlayer.swift in Sources */ = {isa = PBXBuildFile; fileRef = B9D4B3ED2A44338F00989FC7 /* CustomVideoPlayer.swift */; };
		B9D95EAA2A4AC7C20021B054 /* QuizView.swift in Sources */ = {isa = PBXBuildFile; fileRef = B9D95EA92A4AC7C20021B054 /* QuizView.swift */; };
		D06182C02A5EB04500C2E268 /* Transcript.swift in Sources */ = {isa = PBXBuildFile; fileRef = D06182BF2A5EB04500C2E268 /* Transcript.swift */; };
		D061D4A02A4984FD00F06578 /* ScratchCardView.swift in Sources */ = {isa = PBXBuildFile; fileRef = D061D49F2A4984FD00F06578 /* ScratchCardView.swift */; };
		D0ED1FAE2A5D4EBD0082DA2E /* Chapter.swift in Sources */ = {isa = PBXBuildFile; fileRef = D0ED1FAD2A5D4EBD0082DA2E /* Chapter.swift */; };
		D0F159272A496D0900BE4147 /* Lora-Bold.ttf in Resources */ = {isa = PBXBuildFile; fileRef = D0F159212A496D0900BE4147 /* Lora-Bold.ttf */; };
		D0F159282A496D0900BE4147 /* OFL.txt in Resources */ = {isa = PBXBuildFile; fileRef = D0F159222A496D0900BE4147 /* OFL.txt */; };
		D0F159292A496D0900BE4147 /* Poppins-Regular.ttf in Resources */ = {isa = PBXBuildFile; fileRef = D0F159232A496D0900BE4147 /* Poppins-Regular.ttf */; };
		D0F1592A2A496D0900BE4147 /* Poppins-Black.ttf in Resources */ = {isa = PBXBuildFile; fileRef = D0F159242A496D0900BE4147 /* Poppins-Black.ttf */; };
		D0F1592B2A496D0900BE4147 /* FontManager.swift in Sources */ = {isa = PBXBuildFile; fileRef = D0F159252A496D0900BE4147 /* FontManager.swift */; };
		D0F1592C2A496D0900BE4147 /* Lora-Regular.ttf in Resources */ = {isa = PBXBuildFile; fileRef = D0F159262A496D0900BE4147 /* Lora-Regular.ttf */; };
		D0F159322A496D9800BE4147 /* TopicsView.swift in Sources */ = {isa = PBXBuildFile; fileRef = D0F159312A496D9800BE4147 /* TopicsView.swift */; };
		D0F1593A2A496F8600BE4147 /* Topic.swift in Sources */ = {isa = PBXBuildFile; fileRef = D0F159392A496F8600BE4147 /* Topic.swift */; };
		D0F1593F2A497EB100BE4147 /* ScoreView.swift in Sources */ = {isa = PBXBuildFile; fileRef = D0F1593E2A497EB100BE4147 /* ScoreView.swift */; };
/* End PBXBuildFile section */

/* Begin PBXContainerItemProxy section */
		94582FAE2A42E59B00F8B131 /* PBXContainerItemProxy */ = {
			isa = PBXContainerItemProxy;
			containerPortal = 94582F902A42E59A00F8B131 /* Project object */;
			proxyType = 1;
			remoteGlobalIDString = 94582F972A42E59A00F8B131;
			remoteInfo = "mc2-2023";
		};
		94582FB82A42E59B00F8B131 /* PBXContainerItemProxy */ = {
			isa = PBXContainerItemProxy;
			containerPortal = 94582F902A42E59A00F8B131 /* Project object */;
			proxyType = 1;
			remoteGlobalIDString = 94582F972A42E59A00F8B131;
			remoteInfo = "mc2-2023";
		};
/* End PBXContainerItemProxy section */

/* Begin PBXFileReference section */
		7453293E2A45928900D95025 /* RoundedCorner.swift */ = {isa = PBXFileReference; lastKnownFileType = sourcecode.swift; path = RoundedCorner.swift; sourceTree = "<group>"; };
		74FCEBEC2A445266006D4877 /* ChapterView.swift */ = {isa = PBXFileReference; lastKnownFileType = sourcecode.swift; path = ChapterView.swift; sourceTree = "<group>"; };
		74FCEBF02A44717B006D4877 /* CardView.swift */ = {isa = PBXFileReference; lastKnownFileType = sourcecode.swift; path = CardView.swift; sourceTree = "<group>"; };
		940A35182A44290B00274414 /* ChapterListView.swift */ = {isa = PBXFileReference; lastKnownFileType = sourcecode.swift; path = ChapterListView.swift; sourceTree = "<group>"; };
		94273BAF2A5BAE4D00C5CCF1 /* DataFramePlayground.playground */ = {isa = PBXFileReference; lastKnownFileType = file.playground; path = DataFramePlayground.playground; sourceTree = "<group>"; xcLanguageSpecificationIdentifier = xcode.lang.swift; };
		944C4E462A58139F00EB2508 /* Variables.swift */ = {isa = PBXFileReference; lastKnownFileType = sourcecode.swift; path = Variables.swift; sourceTree = "<group>"; };
		944EA3AA2A498A6A006E8224 /* SpeechRecognizer.swift */ = {isa = PBXFileReference; lastKnownFileType = sourcecode.swift; path = SpeechRecognizer.swift; sourceTree = "<group>"; };
		9450184A2A4593C5008C6945 /* SpeakingView.swift */ = {isa = PBXFileReference; lastKnownFileType = sourcecode.swift; path = SpeakingView.swift; sourceTree = "<group>"; };
		94582F982A42E59A00F8B131 /* mc2-2023.app */ = {isa = PBXFileReference; explicitFileType = wrapper.application; includeInIndex = 0; path = "mc2-2023.app"; sourceTree = BUILT_PRODUCTS_DIR; };
		94582F9B2A42E59A00F8B131 /* mc2_2023App.swift */ = {isa = PBXFileReference; lastKnownFileType = sourcecode.swift; path = mc2_2023App.swift; sourceTree = "<group>"; };
		94582F9D2A42E59A00F8B131 /* ContentView.swift */ = {isa = PBXFileReference; lastKnownFileType = sourcecode.swift; path = ContentView.swift; sourceTree = "<group>"; };
		94582F9F2A42E59B00F8B131 /* Assets.xcassets */ = {isa = PBXFileReference; lastKnownFileType = folder.assetcatalog; path = Assets.xcassets; sourceTree = "<group>"; };
		94582FA22A42E59B00F8B131 /* Preview Assets.xcassets */ = {isa = PBXFileReference; lastKnownFileType = folder.assetcatalog; path = "Preview Assets.xcassets"; sourceTree = "<group>"; };
		94582FA42A42E59B00F8B131 /* Persistence.swift */ = {isa = PBXFileReference; lastKnownFileType = sourcecode.swift; path = Persistence.swift; sourceTree = "<group>"; };
		94582FA72A42E59B00F8B131 /* mc2_2023.xcdatamodel */ = {isa = PBXFileReference; lastKnownFileType = wrapper.xcdatamodel; path = mc2_2023.xcdatamodel; sourceTree = "<group>"; };
		94582FAD2A42E59B00F8B131 /* mc2-2023Tests.xctest */ = {isa = PBXFileReference; explicitFileType = wrapper.cfbundle; includeInIndex = 0; path = "mc2-2023Tests.xctest"; sourceTree = BUILT_PRODUCTS_DIR; };
		94582FB12A42E59B00F8B131 /* mc2_2023Tests.swift */ = {isa = PBXFileReference; lastKnownFileType = sourcecode.swift; path = mc2_2023Tests.swift; sourceTree = "<group>"; };
		94582FB72A42E59B00F8B131 /* mc2-2023UITests.xctest */ = {isa = PBXFileReference; explicitFileType = wrapper.cfbundle; includeInIndex = 0; path = "mc2-2023UITests.xctest"; sourceTree = BUILT_PRODUCTS_DIR; };
		94582FBB2A42E59B00F8B131 /* mc2_2023UITests.swift */ = {isa = PBXFileReference; lastKnownFileType = sourcecode.swift; path = mc2_2023UITests.swift; sourceTree = "<group>"; };
		94582FBD2A42E59B00F8B131 /* mc2_2023UITestsLaunchTests.swift */ = {isa = PBXFileReference; lastKnownFileType = sourcecode.swift; path = mc2_2023UITestsLaunchTests.swift; sourceTree = "<group>"; };
		94582FCA2A42E5E700F8B131 /* .gitignore */ = {isa = PBXFileReference; fileEncoding = 4; lastKnownFileType = text; path = .gitignore; sourceTree = "<group>"; };
		945F11E02A5E97D0003067DC /* GlobalVariables.swift */ = {isa = PBXFileReference; lastKnownFileType = sourcecode.swift; path = GlobalVariables.swift; sourceTree = "<group>"; };
		9466E24F2A5D59BF00FF156D /* Quiz Data.csv */ = {isa = PBXFileReference; fileEncoding = 4; lastKnownFileType = text; path = "Quiz Data.csv"; sourceTree = "<group>"; };
		9466E2502A5D59BF00FF156D /* Chapter Data.csv */ = {isa = PBXFileReference; fileEncoding = 4; lastKnownFileType = text; path = "Chapter Data.csv"; sourceTree = "<group>"; };
		9466E2512A5D59BF00FF156D /* Transcript Data.csv */ = {isa = PBXFileReference; fileEncoding = 4; lastKnownFileType = text; path = "Transcript Data.csv"; sourceTree = "<group>"; };
		9466E2562A5D5C3F00FF156D /* Quiz.swift */ = {isa = PBXFileReference; lastKnownFileType = sourcecode.swift; path = Quiz.swift; sourceTree = "<group>"; };
		9468ECD82A5C00C100B860FB /* Topic Data.csv */ = {isa = PBXFileReference; fileEncoding = 4; lastKnownFileType = text; path = "Topic Data.csv"; sourceTree = "<group>"; };
		9468ECDC2A5C00FB00B860FB /* TopicData.swift */ = {isa = PBXFileReference; lastKnownFileType = sourcecode.swift; path = TopicData.swift; sourceTree = "<group>"; };
		9468ECDF2A5C0FB800B860FB /* Tenses Data.csv */ = {isa = PBXFileReference; fileEncoding = 4; lastKnownFileType = text; path = "Tenses Data.csv"; sourceTree = "<group>"; };
		9468ECE22A5C0FB800B860FB /* Vocabulary Data.csv */ = {isa = PBXFileReference; fileEncoding = 4; lastKnownFileType = text; path = "Vocabulary Data.csv"; sourceTree = "<group>"; };
		9468ECE82A5C0FCA00B860FB /* ChapterData.swift */ = {isa = PBXFileReference; lastKnownFileType = sourcecode.swift; path = ChapterData.swift; sourceTree = "<group>"; };
		9468ECEA2A5C0FD600B860FB /* QuizData.swift */ = {isa = PBXFileReference; lastKnownFileType = sourcecode.swift; path = QuizData.swift; sourceTree = "<group>"; };
		9468ECEC2A5C0FDF00B860FB /* TensesData.swift */ = {isa = PBXFileReference; lastKnownFileType = sourcecode.swift; path = TensesData.swift; sourceTree = "<group>"; };
		9468ECEE2A5C0FE600B860FB /* TranscriptData.swift */ = {isa = PBXFileReference; lastKnownFileType = sourcecode.swift; path = TranscriptData.swift; sourceTree = "<group>"; };
		9468ECF02A5C0FEC00B860FB /* VocabularyData.swift */ = {isa = PBXFileReference; lastKnownFileType = sourcecode.swift; path = VocabularyData.swift; sourceTree = "<group>"; };
		9471A3CC2A54241600D512BB /* SpeakingTextVariable.swift */ = {isa = PBXFileReference; lastKnownFileType = sourcecode.swift; path = SpeakingTextVariable.swift; sourceTree = "<group>"; };
		975074ED2A4976A900341011 /* OverviewViewTenses.swift */ = {isa = PBXFileReference; lastKnownFileType = sourcecode.swift; path = OverviewViewTenses.swift; sourceTree = "<group>"; };
		975074EF2A4976BB00341011 /* OverviewViewVocab.swift */ = {isa = PBXFileReference; lastKnownFileType = sourcecode.swift; path = OverviewViewVocab.swift; sourceTree = "<group>"; };
		9758709C2A4C45C8009B1A8D /* SummaryView.swift */ = {isa = PBXFileReference; lastKnownFileType = sourcecode.swift; path = SummaryView.swift; sourceTree = "<group>"; };
		9758709E2A4EAE5D009B1A8D /* OverviewView.swift */ = {isa = PBXFileReference; lastKnownFileType = sourcecode.swift; path = OverviewView.swift; sourceTree = "<group>"; };
		97C9C95F2A5883EF0060C33C /* UsageView.swift */ = {isa = PBXFileReference; lastKnownFileType = sourcecode.swift; path = UsageView.swift; sourceTree = "<group>"; };
		97C9C9612A5886EE0060C33C /* NewVocabView.swift */ = {isa = PBXFileReference; lastKnownFileType = sourcecode.swift; path = NewVocabView.swift; sourceTree = "<group>"; };
		97C9C9652A594F0D0060C33C /* StructureView.swift */ = {isa = PBXFileReference; lastKnownFileType = sourcecode.swift; path = StructureView.swift; sourceTree = "<group>"; };
		97D798E42A5D5159006360F6 /* VocabModel.swift */ = {isa = PBXFileReference; lastKnownFileType = sourcecode.swift; path = VocabModel.swift; sourceTree = "<group>"; };
		97D798E62A5D5162006360F6 /* TensesModel.swift */ = {isa = PBXFileReference; lastKnownFileType = sourcecode.swift; path = TensesModel.swift; sourceTree = "<group>"; };
		B9D4B3E32A44314400989FC7 /* video.mp4 */ = {isa = PBXFileReference; lastKnownFileType = file; path = video.mp4; sourceTree = "<group>"; };
		B9D4B3E92A44326500989FC7 /* VideoView.swift */ = {isa = PBXFileReference; lastKnownFileType = sourcecode.swift; path = VideoView.swift; sourceTree = "<group>"; };
		B9D4B3EB2A44327200989FC7 /* Home.swift */ = {isa = PBXFileReference; lastKnownFileType = sourcecode.swift; path = Home.swift; sourceTree = "<group>"; };
		B9D4B3ED2A44338F00989FC7 /* CustomVideoPlayer.swift */ = {isa = PBXFileReference; lastKnownFileType = sourcecode.swift; path = CustomVideoPlayer.swift; sourceTree = "<group>"; };
		B9D95EA92A4AC7C20021B054 /* QuizView.swift */ = {isa = PBXFileReference; lastKnownFileType = sourcecode.swift; path = QuizView.swift; sourceTree = "<group>"; };
		D06182BF2A5EB04500C2E268 /* Transcript.swift */ = {isa = PBXFileReference; lastKnownFileType = sourcecode.swift; path = Transcript.swift; sourceTree = "<group>"; };
		D061D49F2A4984FD00F06578 /* ScratchCardView.swift */ = {isa = PBXFileReference; lastKnownFileType = sourcecode.swift; path = ScratchCardView.swift; sourceTree = "<group>"; };
		D0ED1FAD2A5D4EBD0082DA2E /* Chapter.swift */ = {isa = PBXFileReference; lastKnownFileType = sourcecode.swift; path = Chapter.swift; sourceTree = "<group>"; };
		D0F159212A496D0900BE4147 /* Lora-Bold.ttf */ = {isa = PBXFileReference; lastKnownFileType = file; path = "Lora-Bold.ttf"; sourceTree = "<group>"; };
		D0F159222A496D0900BE4147 /* OFL.txt */ = {isa = PBXFileReference; fileEncoding = 4; lastKnownFileType = text; path = OFL.txt; sourceTree = "<group>"; };
		D0F159232A496D0900BE4147 /* Poppins-Regular.ttf */ = {isa = PBXFileReference; lastKnownFileType = file; path = "Poppins-Regular.ttf"; sourceTree = "<group>"; };
		D0F159242A496D0900BE4147 /* Poppins-Black.ttf */ = {isa = PBXFileReference; lastKnownFileType = file; path = "Poppins-Black.ttf"; sourceTree = "<group>"; };
		D0F159252A496D0900BE4147 /* FontManager.swift */ = {isa = PBXFileReference; fileEncoding = 4; lastKnownFileType = sourcecode.swift; path = FontManager.swift; sourceTree = "<group>"; };
		D0F159262A496D0900BE4147 /* Lora-Regular.ttf */ = {isa = PBXFileReference; lastKnownFileType = file; path = "Lora-Regular.ttf"; sourceTree = "<group>"; };
		D0F159312A496D9800BE4147 /* TopicsView.swift */ = {isa = PBXFileReference; fileEncoding = 4; lastKnownFileType = sourcecode.swift; path = TopicsView.swift; sourceTree = "<group>"; };
		D0F159392A496F8600BE4147 /* Topic.swift */ = {isa = PBXFileReference; fileEncoding = 4; lastKnownFileType = sourcecode.swift; path = Topic.swift; sourceTree = "<group>"; };
		D0F1593E2A497EB100BE4147 /* ScoreView.swift */ = {isa = PBXFileReference; lastKnownFileType = sourcecode.swift; path = ScoreView.swift; sourceTree = "<group>"; };
/* End PBXFileReference section */

/* Begin PBXFrameworksBuildPhase section */
		94582F952A42E59A00F8B131 /* Frameworks */ = {
			isa = PBXFrameworksBuildPhase;
			buildActionMask = 2147483647;
			files = (
			);
			runOnlyForDeploymentPostprocessing = 0;
		};
		94582FAA2A42E59B00F8B131 /* Frameworks */ = {
			isa = PBXFrameworksBuildPhase;
			buildActionMask = 2147483647;
			files = (
			);
			runOnlyForDeploymentPostprocessing = 0;
		};
		94582FB42A42E59B00F8B131 /* Frameworks */ = {
			isa = PBXFrameworksBuildPhase;
			buildActionMask = 2147483647;
			files = (
			);
			runOnlyForDeploymentPostprocessing = 0;
		};
/* End PBXFrameworksBuildPhase section */

/* Begin PBXGroup section */
		940A35132A44251500274414 /* Topics */ = {
			isa = PBXGroup;
			children = (
				D0F159382A496F5600BE4147 /* Model */,
				D0F159302A496D8900BE4147 /* View */,
			);
			path = Topics;
			sourceTree = "<group>";
		};
		945018492A459392008C6945 /* Speaking */ = {
			isa = PBXGroup;
			children = (
				9450184A2A4593C5008C6945 /* SpeakingView.swift */,
				9471A3CC2A54241600D512BB /* SpeakingTextVariable.swift */,
				944EA3AA2A498A6A006E8224 /* SpeechRecognizer.swift */,
			);
			path = Speaking;
			sourceTree = "<group>";
		};
		94582F8F2A42E59A00F8B131 = {
			isa = PBXGroup;
			children = (
				94273BAF2A5BAE4D00C5CCF1 /* DataFramePlayground.playground */,
				B9D4B3E32A44314400989FC7 /* video.mp4 */,
				94582FCA2A42E5E700F8B131 /* .gitignore */,
				94582F9A2A42E59A00F8B131 /* mc2-2023 */,
				94582FB02A42E59B00F8B131 /* mc2-2023Tests */,
				94582FBA2A42E59B00F8B131 /* mc2-2023UITests */,
				94582F992A42E59A00F8B131 /* Products */,
			);
			sourceTree = "<group>";
		};
		94582F992A42E59A00F8B131 /* Products */ = {
			isa = PBXGroup;
			children = (
				94582F982A42E59A00F8B131 /* mc2-2023.app */,
				94582FAD2A42E59B00F8B131 /* mc2-2023Tests.xctest */,
				94582FB72A42E59B00F8B131 /* mc2-2023UITests.xctest */,
			);
			name = Products;
			sourceTree = "<group>";
		};
		94582F9A2A42E59A00F8B131 /* mc2-2023 */ = {
			isa = PBXGroup;
			children = (
				9468ECD72A5C00A500B860FB /* Data Files */,
				D0F159202A496CD900BE4147 /* Font */,
				B9D4B3E52A44319700989FC7 /* Video */,
				97BCF1542A442E92008A79F6 /* Overview */,
				D0F1593C2A497D1C00BE4147 /* Quiz */,
				94582F9B2A42E59A00F8B131 /* mc2_2023App.swift */,
				94582F9D2A42E59A00F8B131 /* ContentView.swift */,
				94582F9F2A42E59B00F8B131 /* Assets.xcassets */,
				94582FA42A42E59B00F8B131 /* Persistence.swift */,
				94582FA62A42E59B00F8B131 /* mc2_2023.xcdatamodeld */,
				945018492A459392008C6945 /* Speaking */,
				940A35132A44251500274414 /* Topics */,
				94582FA12A42E59B00F8B131 /* Preview Content */,
				944C4E462A58139F00EB2508 /* Variables.swift */,
				945F11E02A5E97D0003067DC /* GlobalVariables.swift */,
			);
			path = "mc2-2023";
			sourceTree = "<group>";
		};
		94582FA12A42E59B00F8B131 /* Preview Content */ = {
			isa = PBXGroup;
			children = (
				94582FA22A42E59B00F8B131 /* Preview Assets.xcassets */,
			);
			path = "Preview Content";
			sourceTree = "<group>";
		};
		94582FB02A42E59B00F8B131 /* mc2-2023Tests */ = {
			isa = PBXGroup;
			children = (
				94582FB12A42E59B00F8B131 /* mc2_2023Tests.swift */,
			);
			path = "mc2-2023Tests";
			sourceTree = "<group>";
		};
		94582FBA2A42E59B00F8B131 /* mc2-2023UITests */ = {
			isa = PBXGroup;
			children = (
				94582FBB2A42E59B00F8B131 /* mc2_2023UITests.swift */,
				94582FBD2A42E59B00F8B131 /* mc2_2023UITestsLaunchTests.swift */,
			);
			path = "mc2-2023UITests";
			sourceTree = "<group>";
		};
		9466E2552A5D5C2D00FF156D /* Model */ = {
			isa = PBXGroup;
			children = (
				9466E2562A5D5C3F00FF156D /* Quiz.swift */,
			);
			path = Model;
			sourceTree = "<group>";
		};
		9468ECD72A5C00A500B860FB /* Data Files */ = {
			isa = PBXGroup;
			children = (
				9468ECDB2A5C00E200B860FB /* Script */,
				9468ECDA2A5C00D100B860FB /* Files */,
			);
			path = "Data Files";
			sourceTree = "<group>";
		};
		9468ECDA2A5C00D100B860FB /* Files */ = {
			isa = PBXGroup;
			children = (
				9466E2502A5D59BF00FF156D /* Chapter Data.csv */,
				9466E24F2A5D59BF00FF156D /* Quiz Data.csv */,
				9466E2512A5D59BF00FF156D /* Transcript Data.csv */,
				9468ECD82A5C00C100B860FB /* Topic Data.csv */,
				9468ECDF2A5C0FB800B860FB /* Tenses Data.csv */,
				9468ECE22A5C0FB800B860FB /* Vocabulary Data.csv */,
			);
			path = Files;
			sourceTree = "<group>";
		};
		9468ECDB2A5C00E200B860FB /* Script */ = {
			isa = PBXGroup;
			children = (
				9468ECDC2A5C00FB00B860FB /* TopicData.swift */,
				9468ECE82A5C0FCA00B860FB /* ChapterData.swift */,
				9468ECEA2A5C0FD600B860FB /* QuizData.swift */,
				9468ECEC2A5C0FDF00B860FB /* TensesData.swift */,
				9468ECEE2A5C0FE600B860FB /* TranscriptData.swift */,
				9468ECF02A5C0FEC00B860FB /* VocabularyData.swift */,
			);
			path = Script;
			sourceTree = "<group>";
		};
		97BCF1542A442E92008A79F6 /* Overview */ = {
			isa = PBXGroup;
			children = (
				97D798DE2A5D4EED006360F6 /* Model */,
				975074ED2A4976A900341011 /* OverviewViewTenses.swift */,
				975074EF2A4976BB00341011 /* OverviewViewVocab.swift */,
				9758709E2A4EAE5D009B1A8D /* OverviewView.swift */,
				97C9C95F2A5883EF0060C33C /* UsageView.swift */,
				97C9C9612A5886EE0060C33C /* NewVocabView.swift */,
				97C9C9652A594F0D0060C33C /* StructureView.swift */,
			);
			name = Overview;
			path = "mc2-2023/Overview";
			sourceTree = SOURCE_ROOT;
		};
		97D798DE2A5D4EED006360F6 /* Model */ = {
			isa = PBXGroup;
			children = (
				97D798E62A5D5162006360F6 /* TensesModel.swift */,
				97D798E42A5D5159006360F6 /* VocabModel.swift */,
			);
			path = Model;
			sourceTree = "<group>";
		};
		B9D4B3E52A44319700989FC7 /* Video */ = {
			isa = PBXGroup;
			children = (
				D06182BE2A5EB02A00C2E268 /* Model */,
				B9D4B3EB2A44327200989FC7 /* Home.swift */,
				B9D4B3E92A44326500989FC7 /* VideoView.swift */,
				B9D4B3ED2A44338F00989FC7 /* CustomVideoPlayer.swift */,
			);
			path = Video;
			sourceTree = "<group>";
		};
		D06182BE2A5EB02A00C2E268 /* Model */ = {
			isa = PBXGroup;
			children = (
				D06182BF2A5EB04500C2E268 /* Transcript.swift */,
			);
			path = Model;
			sourceTree = "<group>";
		};
		D0F159202A496CD900BE4147 /* Font */ = {
			isa = PBXGroup;
			children = (
				D0F159252A496D0900BE4147 /* FontManager.swift */,
				D0F159212A496D0900BE4147 /* Lora-Bold.ttf */,
				D0F159262A496D0900BE4147 /* Lora-Regular.ttf */,
				D0F159222A496D0900BE4147 /* OFL.txt */,
				D0F159242A496D0900BE4147 /* Poppins-Black.ttf */,
				D0F159232A496D0900BE4147 /* Poppins-Regular.ttf */,
			);
			path = Font;
			sourceTree = "<group>";
		};
		D0F159302A496D8900BE4147 /* View */ = {
			isa = PBXGroup;
			children = (
				940A35182A44290B00274414 /* ChapterListView.swift */,
				7453293E2A45928900D95025 /* RoundedCorner.swift */,
				74FCEBEC2A445266006D4877 /* ChapterView.swift */,
				74FCEBF02A44717B006D4877 /* CardView.swift */,
				D0F159312A496D9800BE4147 /* TopicsView.swift */,
			);
			path = View;
			sourceTree = "<group>";
		};
		D0F159382A496F5600BE4147 /* Model */ = {
			isa = PBXGroup;
			children = (
				D0F159392A496F8600BE4147 /* Topic.swift */,
				D0ED1FAD2A5D4EBD0082DA2E /* Chapter.swift */,
			);
			path = Model;
			sourceTree = "<group>";
		};
		D0F1593C2A497D1C00BE4147 /* Quiz */ = {
			isa = PBXGroup;
			children = (
				9466E2552A5D5C2D00FF156D /* Model */,
				D0F1593D2A497D2E00BE4147 /* View */,
			);
			path = Quiz;
			sourceTree = "<group>";
		};
		D0F1593D2A497D2E00BE4147 /* View */ = {
			isa = PBXGroup;
			children = (
				9758709C2A4C45C8009B1A8D /* SummaryView.swift */,
				B9D95EA92A4AC7C20021B054 /* QuizView.swift */,
				D0F1593E2A497EB100BE4147 /* ScoreView.swift */,
				D061D49F2A4984FD00F06578 /* ScratchCardView.swift */,
			);
			path = View;
			sourceTree = "<group>";
		};
/* End PBXGroup section */

/* Begin PBXNativeTarget section */
		94582F972A42E59A00F8B131 /* mc2-2023 */ = {
			isa = PBXNativeTarget;
			buildConfigurationList = 94582FC12A42E59B00F8B131 /* Build configuration list for PBXNativeTarget "mc2-2023" */;
			buildPhases = (
				94582F942A42E59A00F8B131 /* Sources */,
				94582F952A42E59A00F8B131 /* Frameworks */,
				94582F962A42E59A00F8B131 /* Resources */,
			);
			buildRules = (
			);
			dependencies = (
			);
			name = "mc2-2023";
			productName = "mc2-2023";
			productReference = 94582F982A42E59A00F8B131 /* mc2-2023.app */;
			productType = "com.apple.product-type.application";
		};
		94582FAC2A42E59B00F8B131 /* mc2-2023Tests */ = {
			isa = PBXNativeTarget;
			buildConfigurationList = 94582FC42A42E59B00F8B131 /* Build configuration list for PBXNativeTarget "mc2-2023Tests" */;
			buildPhases = (
				94582FA92A42E59B00F8B131 /* Sources */,
				94582FAA2A42E59B00F8B131 /* Frameworks */,
				94582FAB2A42E59B00F8B131 /* Resources */,
			);
			buildRules = (
			);
			dependencies = (
				94582FAF2A42E59B00F8B131 /* PBXTargetDependency */,
			);
			name = "mc2-2023Tests";
			productName = "mc2-2023Tests";
			productReference = 94582FAD2A42E59B00F8B131 /* mc2-2023Tests.xctest */;
			productType = "com.apple.product-type.bundle.unit-test";
		};
		94582FB62A42E59B00F8B131 /* mc2-2023UITests */ = {
			isa = PBXNativeTarget;
			buildConfigurationList = 94582FC72A42E59B00F8B131 /* Build configuration list for PBXNativeTarget "mc2-2023UITests" */;
			buildPhases = (
				94582FB32A42E59B00F8B131 /* Sources */,
				94582FB42A42E59B00F8B131 /* Frameworks */,
				94582FB52A42E59B00F8B131 /* Resources */,
			);
			buildRules = (
			);
			dependencies = (
				94582FB92A42E59B00F8B131 /* PBXTargetDependency */,
			);
			name = "mc2-2023UITests";
			productName = "mc2-2023UITests";
			productReference = 94582FB72A42E59B00F8B131 /* mc2-2023UITests.xctest */;
			productType = "com.apple.product-type.bundle.ui-testing";
		};
/* End PBXNativeTarget section */

/* Begin PBXProject section */
		94582F902A42E59A00F8B131 /* Project object */ = {
			isa = PBXProject;
			attributes = {
				BuildIndependentTargetsInParallel = 1;
				LastSwiftUpdateCheck = 1430;
				LastUpgradeCheck = 1430;
				TargetAttributes = {
					94582F972A42E59A00F8B131 = {
						CreatedOnToolsVersion = 14.3.1;
					};
					94582FAC2A42E59B00F8B131 = {
						CreatedOnToolsVersion = 14.3.1;
						TestTargetID = 94582F972A42E59A00F8B131;
					};
					94582FB62A42E59B00F8B131 = {
						CreatedOnToolsVersion = 14.3.1;
						TestTargetID = 94582F972A42E59A00F8B131;
					};
				};
			};
			buildConfigurationList = 94582F932A42E59A00F8B131 /* Build configuration list for PBXProject "mc2-2023" */;
			compatibilityVersion = "Xcode 14.0";
			developmentRegion = en;
			hasScannedForEncodings = 0;
			knownRegions = (
				en,
				Base,
			);
			mainGroup = 94582F8F2A42E59A00F8B131;
			productRefGroup = 94582F992A42E59A00F8B131 /* Products */;
			projectDirPath = "";
			projectRoot = "";
			targets = (
				94582F972A42E59A00F8B131 /* mc2-2023 */,
				94582FAC2A42E59B00F8B131 /* mc2-2023Tests */,
				94582FB62A42E59B00F8B131 /* mc2-2023UITests */,
			);
		};
/* End PBXProject section */

/* Begin PBXResourcesBuildPhase section */
		94582F962A42E59A00F8B131 /* Resources */ = {
			isa = PBXResourcesBuildPhase;
			buildActionMask = 2147483647;
			files = (
				D0F159282A496D0900BE4147 /* OFL.txt in Resources */,
				9468ECE42A5C0FB800B860FB /* Tenses Data.csv in Resources */,
				D0F1592C2A496D0900BE4147 /* Lora-Regular.ttf in Resources */,
				B9D4B3E42A44314400989FC7 /* video.mp4 in Resources */,
				94582FA32A42E59B00F8B131 /* Preview Assets.xcassets in Resources */,
				9466E2542A5D59BF00FF156D /* Transcript Data.csv in Resources */,
				D0F159272A496D0900BE4147 /* Lora-Bold.ttf in Resources */,
				9468ECD92A5C00C100B860FB /* Topic Data.csv in Resources */,
				D0F1592A2A496D0900BE4147 /* Poppins-Black.ttf in Resources */,
				D0F159292A496D0900BE4147 /* Poppins-Regular.ttf in Resources */,
				94582FCB2A42E5E700F8B131 /* .gitignore in Resources */,
				9468ECE72A5C0FB800B860FB /* Vocabulary Data.csv in Resources */,
				94582FA02A42E59B00F8B131 /* Assets.xcassets in Resources */,
				9466E2522A5D59BF00FF156D /* Quiz Data.csv in Resources */,
				9466E2532A5D59BF00FF156D /* Chapter Data.csv in Resources */,
			);
			runOnlyForDeploymentPostprocessing = 0;
		};
		94582FAB2A42E59B00F8B131 /* Resources */ = {
			isa = PBXResourcesBuildPhase;
			buildActionMask = 2147483647;
			files = (
			);
			runOnlyForDeploymentPostprocessing = 0;
		};
		94582FB52A42E59B00F8B131 /* Resources */ = {
			isa = PBXResourcesBuildPhase;
			buildActionMask = 2147483647;
			files = (
			);
			runOnlyForDeploymentPostprocessing = 0;
		};
/* End PBXResourcesBuildPhase section */

/* Begin PBXSourcesBuildPhase section */
		94582F942A42E59A00F8B131 /* Sources */ = {
			isa = PBXSourcesBuildPhase;
			buildActionMask = 2147483647;
			files = (
				B9D4B3EA2A44326500989FC7 /* VideoView.swift in Sources */,
				97D798E72A5D5162006360F6 /* TensesModel.swift in Sources */,
				D06182C02A5EB04500C2E268 /* Transcript.swift in Sources */,
				97C9C9662A594F0D0060C33C /* StructureView.swift in Sources */,
				D0F1592B2A496D0900BE4147 /* FontManager.swift in Sources */,
				97D798E52A5D5159006360F6 /* VocabModel.swift in Sources */,
				D0ED1FAE2A5D4EBD0082DA2E /* Chapter.swift in Sources */,
				D0F1593A2A496F8600BE4147 /* Topic.swift in Sources */,
				7453293F2A45928900D95025 /* RoundedCorner.swift in Sources */,
				74FCEBF12A44717B006D4877 /* CardView.swift in Sources */,
				D0F159322A496D9800BE4147 /* TopicsView.swift in Sources */,
				9468ECDD2A5C00FB00B860FB /* TopicData.swift in Sources */,
				9471A3CD2A54241600D512BB /* SpeakingTextVariable.swift in Sources */,
				B9D4B3EE2A44338F00989FC7 /* CustomVideoPlayer.swift in Sources */,
				94582FA52A42E59B00F8B131 /* Persistence.swift in Sources */,
				97C9C9602A5883EF0060C33C /* UsageView.swift in Sources */,
				9468ECEB2A5C0FD600B860FB /* QuizData.swift in Sources */,
				944EA3AB2A498A6A006E8224 /* SpeechRecognizer.swift in Sources */,
				9450184B2A4593C5008C6945 /* SpeakingView.swift in Sources */,
				940A35192A44290B00274414 /* ChapterListView.swift in Sources */,
				74FCEBED2A445266006D4877 /* ChapterView.swift in Sources */,
				9758709D2A4C45C8009B1A8D /* SummaryView.swift in Sources */,
				94582FA82A42E59B00F8B131 /* mc2_2023.xcdatamodeld in Sources */,
				B9D95EAA2A4AC7C20021B054 /* QuizView.swift in Sources */,
				94582F9E2A42E59A00F8B131 /* ContentView.swift in Sources */,
				B9D4B3EC2A44327200989FC7 /* Home.swift in Sources */,
				94582F9C2A42E59A00F8B131 /* mc2_2023App.swift in Sources */,
				9468ECEF2A5C0FE600B860FB /* TranscriptData.swift in Sources */,
				944C4E472A58139F00EB2508 /* Variables.swift in Sources */,
				975074EE2A4976A900341011 /* OverviewViewTenses.swift in Sources */,
				9758709F2A4EAE5D009B1A8D /* OverviewView.swift in Sources */,
				97C9C9622A5886EE0060C33C /* NewVocabView.swift in Sources */,
				9468ECED2A5C0FDF00B860FB /* TensesData.swift in Sources */,
				975074F02A4976BB00341011 /* OverviewViewVocab.swift in Sources */,
				D061D4A02A4984FD00F06578 /* ScratchCardView.swift in Sources */,
				945F11E12A5E97D0003067DC /* GlobalVariables.swift in Sources */,
				9468ECE92A5C0FCA00B860FB /* ChapterData.swift in Sources */,
				9466E2572A5D5C3F00FF156D /* Quiz.swift in Sources */,
				94582F9C2A42E59A00F8B131 /* mc2_2023App.swift in Sources */,
				9468ECF12A5C0FEC00B860FB /* VocabularyData.swift in Sources */,
				D0F1593F2A497EB100BE4147 /* ScoreView.swift in Sources */,
			);
			runOnlyForDeploymentPostprocessing = 0;
		};
		94582FA92A42E59B00F8B131 /* Sources */ = {
			isa = PBXSourcesBuildPhase;
			buildActionMask = 2147483647;
			files = (
				94582FB22A42E59B00F8B131 /* mc2_2023Tests.swift in Sources */,
			);
			runOnlyForDeploymentPostprocessing = 0;
		};
		94582FB32A42E59B00F8B131 /* Sources */ = {
			isa = PBXSourcesBuildPhase;
			buildActionMask = 2147483647;
			files = (
				94582FBE2A42E59B00F8B131 /* mc2_2023UITestsLaunchTests.swift in Sources */,
				94582FBC2A42E59B00F8B131 /* mc2_2023UITests.swift in Sources */,
			);
			runOnlyForDeploymentPostprocessing = 0;
		};
/* End PBXSourcesBuildPhase section */

/* Begin PBXTargetDependency section */
		94582FAF2A42E59B00F8B131 /* PBXTargetDependency */ = {
			isa = PBXTargetDependency;
			target = 94582F972A42E59A00F8B131 /* mc2-2023 */;
			targetProxy = 94582FAE2A42E59B00F8B131 /* PBXContainerItemProxy */;
		};
		94582FB92A42E59B00F8B131 /* PBXTargetDependency */ = {
			isa = PBXTargetDependency;
			target = 94582F972A42E59A00F8B131 /* mc2-2023 */;
			targetProxy = 94582FB82A42E59B00F8B131 /* PBXContainerItemProxy */;
		};
/* End PBXTargetDependency section */

/* Begin XCBuildConfiguration section */
		94582FBF2A42E59B00F8B131 /* Debug */ = {
			isa = XCBuildConfiguration;
			buildSettings = {
				ALWAYS_SEARCH_USER_PATHS = NO;
				CLANG_ANALYZER_NONNULL = YES;
				CLANG_ANALYZER_NUMBER_OBJECT_CONVERSION = YES_AGGRESSIVE;
				CLANG_CXX_LANGUAGE_STANDARD = "gnu++20";
				CLANG_ENABLE_MODULES = YES;
				CLANG_ENABLE_OBJC_ARC = YES;
				CLANG_ENABLE_OBJC_WEAK = YES;
				CLANG_WARN_BLOCK_CAPTURE_AUTORELEASING = YES;
				CLANG_WARN_BOOL_CONVERSION = YES;
				CLANG_WARN_COMMA = YES;
				CLANG_WARN_CONSTANT_CONVERSION = YES;
				CLANG_WARN_DEPRECATED_OBJC_IMPLEMENTATIONS = YES;
				CLANG_WARN_DIRECT_OBJC_ISA_USAGE = YES_ERROR;
				CLANG_WARN_DOCUMENTATION_COMMENTS = YES;
				CLANG_WARN_EMPTY_BODY = YES;
				CLANG_WARN_ENUM_CONVERSION = YES;
				CLANG_WARN_INFINITE_RECURSION = YES;
				CLANG_WARN_INT_CONVERSION = YES;
				CLANG_WARN_NON_LITERAL_NULL_CONVERSION = YES;
				CLANG_WARN_OBJC_IMPLICIT_RETAIN_SELF = YES;
				CLANG_WARN_OBJC_LITERAL_CONVERSION = YES;
				CLANG_WARN_OBJC_ROOT_CLASS = YES_ERROR;
				CLANG_WARN_QUOTED_INCLUDE_IN_FRAMEWORK_HEADER = YES;
				CLANG_WARN_RANGE_LOOP_ANALYSIS = YES;
				CLANG_WARN_STRICT_PROTOTYPES = YES;
				CLANG_WARN_SUSPICIOUS_MOVE = YES;
				CLANG_WARN_UNGUARDED_AVAILABILITY = YES_AGGRESSIVE;
				CLANG_WARN_UNREACHABLE_CODE = YES;
				CLANG_WARN__DUPLICATE_METHOD_MATCH = YES;
				COPY_PHASE_STRIP = NO;
				DEBUG_INFORMATION_FORMAT = dwarf;
				ENABLE_STRICT_OBJC_MSGSEND = YES;
				ENABLE_TESTABILITY = YES;
				GCC_C_LANGUAGE_STANDARD = gnu11;
				GCC_DYNAMIC_NO_PIC = NO;
				GCC_NO_COMMON_BLOCKS = YES;
				GCC_OPTIMIZATION_LEVEL = 0;
				GCC_PREPROCESSOR_DEFINITIONS = (
					"DEBUG=1",
					"$(inherited)",
				);
				GCC_WARN_64_TO_32_BIT_CONVERSION = YES;
				GCC_WARN_ABOUT_RETURN_TYPE = YES_ERROR;
				GCC_WARN_UNDECLARED_SELECTOR = YES;
				GCC_WARN_UNINITIALIZED_AUTOS = YES_AGGRESSIVE;
				GCC_WARN_UNUSED_FUNCTION = YES;
				GCC_WARN_UNUSED_VARIABLE = YES;
				IPHONEOS_DEPLOYMENT_TARGET = 16.4;
				MTL_ENABLE_DEBUG_INFO = INCLUDE_SOURCE;
				MTL_FAST_MATH = YES;
				ONLY_ACTIVE_ARCH = YES;
				SDKROOT = iphoneos;
				SWIFT_ACTIVE_COMPILATION_CONDITIONS = DEBUG;
				SWIFT_OPTIMIZATION_LEVEL = "-Onone";
			};
			name = Debug;
		};
		94582FC02A42E59B00F8B131 /* Release */ = {
			isa = XCBuildConfiguration;
			buildSettings = {
				ALWAYS_SEARCH_USER_PATHS = NO;
				CLANG_ANALYZER_NONNULL = YES;
				CLANG_ANALYZER_NUMBER_OBJECT_CONVERSION = YES_AGGRESSIVE;
				CLANG_CXX_LANGUAGE_STANDARD = "gnu++20";
				CLANG_ENABLE_MODULES = YES;
				CLANG_ENABLE_OBJC_ARC = YES;
				CLANG_ENABLE_OBJC_WEAK = YES;
				CLANG_WARN_BLOCK_CAPTURE_AUTORELEASING = YES;
				CLANG_WARN_BOOL_CONVERSION = YES;
				CLANG_WARN_COMMA = YES;
				CLANG_WARN_CONSTANT_CONVERSION = YES;
				CLANG_WARN_DEPRECATED_OBJC_IMPLEMENTATIONS = YES;
				CLANG_WARN_DIRECT_OBJC_ISA_USAGE = YES_ERROR;
				CLANG_WARN_DOCUMENTATION_COMMENTS = YES;
				CLANG_WARN_EMPTY_BODY = YES;
				CLANG_WARN_ENUM_CONVERSION = YES;
				CLANG_WARN_INFINITE_RECURSION = YES;
				CLANG_WARN_INT_CONVERSION = YES;
				CLANG_WARN_NON_LITERAL_NULL_CONVERSION = YES;
				CLANG_WARN_OBJC_IMPLICIT_RETAIN_SELF = YES;
				CLANG_WARN_OBJC_LITERAL_CONVERSION = YES;
				CLANG_WARN_OBJC_ROOT_CLASS = YES_ERROR;
				CLANG_WARN_QUOTED_INCLUDE_IN_FRAMEWORK_HEADER = YES;
				CLANG_WARN_RANGE_LOOP_ANALYSIS = YES;
				CLANG_WARN_STRICT_PROTOTYPES = YES;
				CLANG_WARN_SUSPICIOUS_MOVE = YES;
				CLANG_WARN_UNGUARDED_AVAILABILITY = YES_AGGRESSIVE;
				CLANG_WARN_UNREACHABLE_CODE = YES;
				CLANG_WARN__DUPLICATE_METHOD_MATCH = YES;
				COPY_PHASE_STRIP = NO;
				DEBUG_INFORMATION_FORMAT = "dwarf-with-dsym";
				ENABLE_NS_ASSERTIONS = NO;
				ENABLE_STRICT_OBJC_MSGSEND = YES;
				GCC_C_LANGUAGE_STANDARD = gnu11;
				GCC_NO_COMMON_BLOCKS = YES;
				GCC_WARN_64_TO_32_BIT_CONVERSION = YES;
				GCC_WARN_ABOUT_RETURN_TYPE = YES_ERROR;
				GCC_WARN_UNDECLARED_SELECTOR = YES;
				GCC_WARN_UNINITIALIZED_AUTOS = YES_AGGRESSIVE;
				GCC_WARN_UNUSED_FUNCTION = YES;
				GCC_WARN_UNUSED_VARIABLE = YES;
				IPHONEOS_DEPLOYMENT_TARGET = 16.4;
				MTL_ENABLE_DEBUG_INFO = NO;
				MTL_FAST_MATH = YES;
				SDKROOT = iphoneos;
				SWIFT_COMPILATION_MODE = wholemodule;
				SWIFT_OPTIMIZATION_LEVEL = "-O";
				VALIDATE_PRODUCT = YES;
			};
			name = Release;
		};
		94582FC22A42E59B00F8B131 /* Debug */ = {
			isa = XCBuildConfiguration;
			buildSettings = {
				ASSETCATALOG_COMPILER_APPICON_NAME = AppIcon;
				ASSETCATALOG_COMPILER_GLOBAL_ACCENT_COLOR_NAME = AccentColor;
				CODE_SIGN_STYLE = Automatic;
				CURRENT_PROJECT_VERSION = 1;
				DEVELOPMENT_ASSET_PATHS = "\"mc2-2023/Preview Content\"";
				DEVELOPMENT_TEAM = 4QQ5D4534V;
				ENABLE_PREVIEWS = YES;
				GENERATE_INFOPLIST_FILE = YES;
				INFOPLIST_FILE = "mc2-2023/Info.plist";
				INFOPLIST_KEY_CFBundleDisplayName = "AZ Duck";
				INFOPLIST_KEY_NSMicrophoneUsageDescription = "Audio will be recorded";
				INFOPLIST_KEY_NSSpeechRecognitionUsageDescription = "";
				INFOPLIST_KEY_UIApplicationSceneManifest_Generation = YES;
				INFOPLIST_KEY_UIApplicationSupportsIndirectInputEvents = YES;
				INFOPLIST_KEY_UILaunchScreen_Generation = YES;
				INFOPLIST_KEY_UISupportedInterfaceOrientations_iPad = "UIInterfaceOrientationPortrait UIInterfaceOrientationPortraitUpsideDown UIInterfaceOrientationLandscapeLeft UIInterfaceOrientationLandscapeRight";
				INFOPLIST_KEY_UISupportedInterfaceOrientations_iPhone = "UIInterfaceOrientationPortrait UIInterfaceOrientationLandscapeLeft UIInterfaceOrientationLandscapeRight";
				LD_RUNPATH_SEARCH_PATHS = (
					"$(inherited)",
					"@executable_path/Frameworks",
				);
				MARKETING_VERSION = 1.0;
				PRODUCT_BUNDLE_IDENTIFIER = com.ada.azduck;
				PRODUCT_NAME = "$(TARGET_NAME)";
				SWIFT_EMIT_LOC_STRINGS = YES;
				SWIFT_VERSION = 5.0;
				TARGETED_DEVICE_FAMILY = "1,2";
			};
			name = Debug;
		};
		94582FC32A42E59B00F8B131 /* Release */ = {
			isa = XCBuildConfiguration;
			buildSettings = {
				ASSETCATALOG_COMPILER_APPICON_NAME = AppIcon;
				ASSETCATALOG_COMPILER_GLOBAL_ACCENT_COLOR_NAME = AccentColor;
				CODE_SIGN_STYLE = Automatic;
				CURRENT_PROJECT_VERSION = 1;
				DEVELOPMENT_ASSET_PATHS = "\"mc2-2023/Preview Content\"";
				DEVELOPMENT_TEAM = 4QQ5D4534V;
				ENABLE_PREVIEWS = YES;
				GENERATE_INFOPLIST_FILE = YES;
				INFOPLIST_FILE = "mc2-2023/Info.plist";
				INFOPLIST_KEY_CFBundleDisplayName = "AZ Duck";
				INFOPLIST_KEY_NSMicrophoneUsageDescription = "Audio will be recorded";
				INFOPLIST_KEY_NSSpeechRecognitionUsageDescription = "";
				INFOPLIST_KEY_UIApplicationSceneManifest_Generation = YES;
				INFOPLIST_KEY_UIApplicationSupportsIndirectInputEvents = YES;
				INFOPLIST_KEY_UILaunchScreen_Generation = YES;
				INFOPLIST_KEY_UISupportedInterfaceOrientations_iPad = "UIInterfaceOrientationPortrait UIInterfaceOrientationPortraitUpsideDown UIInterfaceOrientationLandscapeLeft UIInterfaceOrientationLandscapeRight";
				INFOPLIST_KEY_UISupportedInterfaceOrientations_iPhone = "UIInterfaceOrientationPortrait UIInterfaceOrientationLandscapeLeft UIInterfaceOrientationLandscapeRight";
				LD_RUNPATH_SEARCH_PATHS = (
					"$(inherited)",
					"@executable_path/Frameworks",
				);
				MARKETING_VERSION = 1.0;
				PRODUCT_BUNDLE_IDENTIFIER = com.ada.azduck;
				PRODUCT_NAME = "$(TARGET_NAME)";
				SWIFT_EMIT_LOC_STRINGS = YES;
				SWIFT_VERSION = 5.0;
				TARGETED_DEVICE_FAMILY = "1,2";
			};
			name = Release;
		};
		94582FC52A42E59B00F8B131 /* Debug */ = {
			isa = XCBuildConfiguration;
			buildSettings = {
				ALWAYS_EMBED_SWIFT_STANDARD_LIBRARIES = YES;
				BUNDLE_LOADER = "$(TEST_HOST)";
				CODE_SIGN_STYLE = Automatic;
				CURRENT_PROJECT_VERSION = 1;
				DEVELOPMENT_TEAM = 4QQ5D4534V;
				GENERATE_INFOPLIST_FILE = YES;
				IPHONEOS_DEPLOYMENT_TARGET = 16.4;
				MARKETING_VERSION = 1.0;
				PRODUCT_BUNDLE_IDENTIFIER = "com.ada.mc2-2023Tests";
				PRODUCT_NAME = "$(TARGET_NAME)";
				SWIFT_EMIT_LOC_STRINGS = NO;
				SWIFT_VERSION = 5.0;
				TARGETED_DEVICE_FAMILY = "1,2";
				TEST_HOST = "$(BUILT_PRODUCTS_DIR)/mc2-2023.app/$(BUNDLE_EXECUTABLE_FOLDER_PATH)/mc2-2023";
			};
			name = Debug;
		};
		94582FC62A42E59B00F8B131 /* Release */ = {
			isa = XCBuildConfiguration;
			buildSettings = {
				ALWAYS_EMBED_SWIFT_STANDARD_LIBRARIES = YES;
				BUNDLE_LOADER = "$(TEST_HOST)";
				CODE_SIGN_STYLE = Automatic;
				CURRENT_PROJECT_VERSION = 1;
				DEVELOPMENT_TEAM = 4QQ5D4534V;
				GENERATE_INFOPLIST_FILE = YES;
				IPHONEOS_DEPLOYMENT_TARGET = 16.4;
				MARKETING_VERSION = 1.0;
				PRODUCT_BUNDLE_IDENTIFIER = "com.ada.mc2-2023Tests";
				PRODUCT_NAME = "$(TARGET_NAME)";
				SWIFT_EMIT_LOC_STRINGS = NO;
				SWIFT_VERSION = 5.0;
				TARGETED_DEVICE_FAMILY = "1,2";
				TEST_HOST = "$(BUILT_PRODUCTS_DIR)/mc2-2023.app/$(BUNDLE_EXECUTABLE_FOLDER_PATH)/mc2-2023";
			};
			name = Release;
		};
		94582FC82A42E59B00F8B131 /* Debug */ = {
			isa = XCBuildConfiguration;
			buildSettings = {
				ALWAYS_EMBED_SWIFT_STANDARD_LIBRARIES = YES;
				CODE_SIGN_STYLE = Automatic;
				CURRENT_PROJECT_VERSION = 1;
				DEVELOPMENT_TEAM = 4QQ5D4534V;
				GENERATE_INFOPLIST_FILE = YES;
				MARKETING_VERSION = 1.0;
				PRODUCT_BUNDLE_IDENTIFIER = "com.ada.mc2-2023UITests";
				PRODUCT_NAME = "$(TARGET_NAME)";
				SWIFT_EMIT_LOC_STRINGS = NO;
				SWIFT_VERSION = 5.0;
				TARGETED_DEVICE_FAMILY = "1,2";
				TEST_TARGET_NAME = "mc2-2023";
			};
			name = Debug;
		};
		94582FC92A42E59B00F8B131 /* Release */ = {
			isa = XCBuildConfiguration;
			buildSettings = {
				ALWAYS_EMBED_SWIFT_STANDARD_LIBRARIES = YES;
				CODE_SIGN_STYLE = Automatic;
				CURRENT_PROJECT_VERSION = 1;
				DEVELOPMENT_TEAM = 4QQ5D4534V;
				GENERATE_INFOPLIST_FILE = YES;
				MARKETING_VERSION = 1.0;
				PRODUCT_BUNDLE_IDENTIFIER = "com.ada.mc2-2023UITests";
				PRODUCT_NAME = "$(TARGET_NAME)";
				SWIFT_EMIT_LOC_STRINGS = NO;
				SWIFT_VERSION = 5.0;
				TARGETED_DEVICE_FAMILY = "1,2";
				TEST_TARGET_NAME = "mc2-2023";
			};
			name = Release;
		};
/* End XCBuildConfiguration section */

/* Begin XCConfigurationList section */
		94582F932A42E59A00F8B131 /* Build configuration list for PBXProject "mc2-2023" */ = {
			isa = XCConfigurationList;
			buildConfigurations = (
				94582FBF2A42E59B00F8B131 /* Debug */,
				94582FC02A42E59B00F8B131 /* Release */,
			);
			defaultConfigurationIsVisible = 0;
			defaultConfigurationName = Release;
		};
		94582FC12A42E59B00F8B131 /* Build configuration list for PBXNativeTarget "mc2-2023" */ = {
			isa = XCConfigurationList;
			buildConfigurations = (
				94582FC22A42E59B00F8B131 /* Debug */,
				94582FC32A42E59B00F8B131 /* Release */,
			);
			defaultConfigurationIsVisible = 0;
			defaultConfigurationName = Release;
		};
		94582FC42A42E59B00F8B131 /* Build configuration list for PBXNativeTarget "mc2-2023Tests" */ = {
			isa = XCConfigurationList;
			buildConfigurations = (
				94582FC52A42E59B00F8B131 /* Debug */,
				94582FC62A42E59B00F8B131 /* Release */,
			);
			defaultConfigurationIsVisible = 0;
			defaultConfigurationName = Release;
		};
		94582FC72A42E59B00F8B131 /* Build configuration list for PBXNativeTarget "mc2-2023UITests" */ = {
			isa = XCConfigurationList;
			buildConfigurations = (
				94582FC82A42E59B00F8B131 /* Debug */,
				94582FC92A42E59B00F8B131 /* Release */,
			);
			defaultConfigurationIsVisible = 0;
			defaultConfigurationName = Release;
		};
/* End XCConfigurationList section */

/* Begin XCVersionGroup section */
		94582FA62A42E59B00F8B131 /* mc2_2023.xcdatamodeld */ = {
			isa = XCVersionGroup;
			children = (
				94582FA72A42E59B00F8B131 /* mc2_2023.xcdatamodel */,
			);
			currentVersion = 94582FA72A42E59B00F8B131 /* mc2_2023.xcdatamodel */;
			path = mc2_2023.xcdatamodeld;
			sourceTree = "<group>";
			versionGroupType = wrapper.xcdatamodel;
		};
/* End XCVersionGroup section */
	};
	rootObject = 94582F902A42E59A00F8B131 /* Project object */;
}
